
Microsoft Visual Studio Solution File, Format Version 12.00
# Visual Studio Version 17
VisualStudioVersion = 17.13.35931.197 d17.13
MinimumVisualStudioVersion = 10.0.40219.1
Project("{FAE04EC0-301F-11D3-BF4B-00C04F79EFBC}") = "ToDoLista.api", "ToDoLista.api\ToDoLista.api.csproj", "{63A6EEAE-4D29-43CA-A9CB-54A2D4154B69}"
EndProject
Global
	GlobalSection(SolutionConfigurationPlatforms) = preSolution
		Debug|Any CPU = Debug|Any CPU
		Release|Any CPU = Release|Any CPU
	EndGlobalSection
	GlobalSection(ProjectConfigurationPlatforms) = postSolution
		{63A6EEAE-4D29-43CA-A9CB-54A2D4154B69}.Debug|Any CPU.ActiveCfg = Debug|Any CPU
		{63A6EEAE-4D29-43CA-A9CB-54A2D4154B69}.Debug|Any CPU.Build.0 = Debug|Any CPU
		{63A6EEAE-4D29-43CA-A9CB-54A2D4154B69}.Release|Any CPU.ActiveCfg = Release|Any CPU
		{63A6EEAE-4D29-43CA-A9CB-54A2D4154B69}.Release|Any CPU.Build.0 = Release|Any CPU
	EndGlobalSection
	GlobalSection(SolutionProperties) = preSolution
		HideSolutionNode = FALSE
	EndGlobalSection
	GlobalSection(ExtensibilityGlobals) = postSolution
		SolutionGuid = {6B35F148-97E0-4563-9CCF-5C5A45C77CE3}
	EndGlobalSection
EndGlobal
